{
  "version": 4,
  "terraform_version": "1.10.5",
  "serial": 27,
  "lineage": "873a18da-3a3d-8ebf-02fb-1deb6f42581a",
  "outputs": {},
  "resources": [
    {
      "mode": "managed",
      "type": "local_file",
      "name": "pets",
      "provider": "provider[\"registry.terraform.io/hashicorp/local\"]",
      "instances": [
        {
          "index_key": 0,
          "schema_version": 0,
          "attributes": {
            "content": "I love",
            "content_base64": null,
            "content_base64sha256": "A0TSjTUIpmDCdrawvbfQGcby9npesfbGzFsX8p+WMw0=",
            "content_base64sha512": "0ly5tJO/1KvdJJdbsccl256AofPMtvlNLGPhJrojRV1MaqGe8LbNp0EJJWy8X7xvPWfFNiNOToQeKL5AWKBAkw==",
            "content_md5": "1108ea50a8a531e6a42931e4c436dd84",
            "content_sha1": "0153f0cdfcb40ad2248400ad1d6e46693b4c73fe",
            "content_sha256": "0344d28d3508a660c276b6b0bdb7d019c6f2f67a5eb1f6c6cc5b17f29f96330d",
            "content_sha512": "d25cb9b493bfd4abdd24975bb1c725db9e80a1f3ccb6f94d2c63e126ba23455d4c6aa19ef0b6cda74109256cbc5fbc6f3d67c536234e4e841e28be4058a04093",
            "directory_permission": "0777",
            "file_permission": "0777",
            "filename": "dog.txt",
            "id": "0153f0cdfcb40ad2248400ad1d6e46693b4c73fe",
            "sensitive_content": null,
            "source": null
          },
          "sensitive_attributes": [
            [
              {
                "type": "get_attr",
                "value": "sensitive_content"
              }
            ]
          ]
        },
        {
          "index_key": 1,
          "schema_version": 0,
          "attributes": {
            "content": "I love",
            "content_base64": null,
            "content_base64sha256": "A0TSjTUIpmDCdrawvbfQGcby9npesfbGzFsX8p+WMw0=",
            "content_base64sha512": "0ly5tJO/1KvdJJdbsccl256AofPMtvlNLGPhJrojRV1MaqGe8LbNp0EJJWy8X7xvPWfFNiNOToQeKL5AWKBAkw==",
            "content_md5": "1108ea50a8a531e6a42931e4c436dd84",
            "content_sha1": "0153f0cdfcb40ad2248400ad1d6e46693b4c73fe",
            "content_sha256": "0344d28d3508a660c276b6b0bdb7d019c6f2f67a5eb1f6c6cc5b17f29f96330d",
            "content_sha512": "d25cb9b493bfd4abdd24975bb1c725db9e80a1f3ccb6f94d2c63e126ba23455d4c6aa19ef0b6cda74109256cbc5fbc6f3d67c536234e4e841e28be4058a04093",
            "directory_permission": "0777",
            "file_permission": "0777",
            "filename": "dog1.txt",
            "id": "0153f0cdfcb40ad2248400ad1d6e46693b4c73fe",
            "sensitive_content": null,
            "source": null
          },
          "sensitive_attributes": [
            [
              {
                "type": "get_attr",
                "value": "sensitive_content"
              }
            ]
          ]
        },
        {
          "index_key": 2,
          "schema_version": 0,
          "attributes": {
            "content": "I love",
            "content_base64": null,
            "content_base64sha256": "A0TSjTUIpmDCdrawvbfQGcby9npesfbGzFsX8p+WMw0=",
            "content_base64sha512": "0ly5tJO/1KvdJJdbsccl256AofPMtvlNLGPhJrojRV1MaqGe8LbNp0EJJWy8X7xvPWfFNiNOToQeKL5AWKBAkw==",
            "content_md5": "1108ea50a8a531e6a42931e4c436dd84",
            "content_sha1": "0153f0cdfcb40ad2248400ad1d6e46693b4c73fe",
            "content_sha256": "0344d28d3508a660c276b6b0bdb7d019c6f2f67a5eb1f6c6cc5b17f29f96330d",
            "content_sha512": "d25cb9b493bfd4abdd24975bb1c725db9e80a1f3ccb6f94d2c63e126ba23455d4c6aa19ef0b6cda74109256cbc5fbc6f3d67c536234e4e841e28be4058a04093",
            "directory_permission": "0777",
            "file_permission": "0777",
            "filename": "dog2.txt",
            "id": "0153f0cdfcb40ad2248400ad1d6e46693b4c73fe",
            "sensitive_content": null,
            "source": null
          },
          "sensitive_attributes": [
            [
              {
                "type": "get_attr",
                "value": "sensitive_content"
              }
            ]
          ]
        },
        {
          "index_key": 3,
          "schema_version": 0,
          "attributes": {
            "content": "I love",
            "content_base64": null,
            "content_base64sha256": "A0TSjTUIpmDCdrawvbfQGcby9npesfbGzFsX8p+WMw0=",
            "content_base64sha512": "0ly5tJO/1KvdJJdbsccl256AofPMtvlNLGPhJrojRV1MaqGe8LbNp0EJJWy8X7xvPWfFNiNOToQeKL5AWKBAkw==",
            "content_md5": "1108ea50a8a531e6a42931e4c436dd84",
            "content_sha1": "0153f0cdfcb40ad2248400ad1d6e46693b4c73fe",
            "content_sha256": "0344d28d3508a660c276b6b0bdb7d019c6f2f67a5eb1f6c6cc5b17f29f96330d",
            "content_sha512": "d25cb9b493bfd4abdd24975bb1c725db9e80a1f3ccb6f94d2c63e126ba23455d4c6aa19ef0b6cda74109256cbc5fbc6f3d67c536234e4e841e28be4058a04093",
            "directory_permission": "0777",
            "file_permission": "0777",
            "filename": "dog3.txt",
            "id": "0153f0cdfcb40ad2248400ad1d6e46693b4c73fe",
            "sensitive_content": null,
            "source": null
          },
          "sensitive_attributes": [
            [
              {
                "type": "get_attr",
                "value": "sensitive_content"
              }
            ]
          ]
        },
        {
          "index_key": 4,
          "schema_version": 0,
          "attributes": {
            "content": "I love",
            "content_base64": null,
            "content_base64sha256": "A0TSjTUIpmDCdrawvbfQGcby9npesfbGzFsX8p+WMw0=",
            "content_base64sha512": "0ly5tJO/1KvdJJdbsccl256AofPMtvlNLGPhJrojRV1MaqGe8LbNp0EJJWy8X7xvPWfFNiNOToQeKL5AWKBAkw==",
            "content_md5": "1108ea50a8a531e6a42931e4c436dd84",
            "content_sha1": "0153f0cdfcb40ad2248400ad1d6e46693b4c73fe",
            "content_sha256": "0344d28d3508a660c276b6b0bdb7d019c6f2f67a5eb1f6c6cc5b17f29f96330d",
            "content_sha512": "d25cb9b493bfd4abdd24975bb1c725db9e80a1f3ccb6f94d2c63e126ba23455d4c6aa19ef0b6cda74109256cbc5fbc6f3d67c536234e4e841e28be4058a04093",
            "directory_permission": "0777",
            "file_permission": "0777",
            "filename": "dog4.txt",
            "id": "0153f0cdfcb40ad2248400ad1d6e46693b4c73fe",
            "sensitive_content": null,
            "source": null
          },
          "sensitive_attributes": [
            [
              {
                "type": "get_attr",
                "value": "sensitive_content"
              }
            ]
          ]
        }
      ]
    }
  ],
  "check_results": null
}
