{
  "version": 4,
  "terraform_version": "1.10.5",
  "serial": 3,
  "lineage": "74f8063f-4c51-16f9-94d2-36e1ba418133",
  "outputs": {},
  "resources": [
    {
      "mode": "managed",
      "type": "local_file",
      "name": "my_self",
      "provider": "provider[\"registry.terraform.io/hashicorp/local\"]",
      "instances": [
        {
          "index_key": 0,
          "schema_version": 0,
          "attributes": {
            "content": "Anand",
            "content_base64": null,
            "directory_permission": "0777",
            "file_permission": "0777",
            "filename": "Anand.txt",
            "id": "69814da605f59882f287965e82f04aac57445d90",
            "sensitive_content": null,
            "source": null
          },
          "sensitive_attributes": [
            [
              {
                "type": "get_attr",
                "value": "sensitive_content"
              }
            ]
          ]
        },
        {
          "index_key": 1,
          "schema_version": 0,
          "attributes": {
            "content": "22",
            "content_base64": null,
            "directory_permission": "0777",
            "file_permission": "0777",
            "filename": "22.txt",
            "id": "12c6fc06c99a462375eeb3f43dfd832b08ca9e17",
            "sensitive_content": null,
            "source": null
          },
          "sensitive_attributes": [
            [
              {
                "type": "get_attr",
                "value": "sensitive_content"
              }
            ]
          ]
        },
        {
          "index_key": 2,
          "schema_version": 0,
          "attributes": {
            "content": "true",
            "content_base64": null,
            "directory_permission": "0777",
            "file_permission": "0777",
            "filename": "true.txt",
            "id": "5ffe533b830f08a0326348a9160afafc8ada44db",
            "sensitive_content": null,
            "source": null
          },
          "sensitive_attributes": [
            [
              {
                "type": "get_attr",
                "value": "sensitive_content"
              }
            ]
          ]
        }
      ]
    }
  ],
  "check_results": null
}
