{
  "version": 4,
  "terraform_version": "1.10.5",
  "serial": 9,
  "lineage": "755fce9b-f1ac-71df-5110-fecd84f33f23",
  "outputs": {},
  "resources": [
    {
      "mode": "managed",
      "type": "local_file",
      "name": "pet",
      "provider": "provider[\"registry.terraform.io/hashicorp/local\"]",
      "instances": [
        {
          "schema_version": 0,
          "attributes": {
            "content": "my pets name Mrs.top.koala",
            "content_base64": null,
            "content_base64sha256": "adLIu9dUnCRbPt0YwM84LYxVo/BbrjufZ16uq9NvHoA=",
            "content_base64sha512": "tp7Aw3KZEueRiJfFgZfFqt9mZ1Ef6yT8Y0fdLXMTeZIoglaWgGjtSf9Nu/eNtFQsAjs0yJewI4wWMG1CEP+woQ==",
            "content_md5": "0665f1691698068dea139b68983faed4",
            "content_sha1": "2ee2f4f228fe6cb8c84263c6134ced77072eb7dc",
            "content_sha256": "69d2c8bbd7549c245b3edd18c0cf382d8c55a3f05bae3b9f675eaeabd36f1e80",
            "content_sha512": "b69ec0c3729912e7918897c58197c5aadf6667511feb24fc6347dd2d73137992288256968068ed49ff4dbbf78db4542c023b34c897b0238c16306d4210ffb0a1",
            "directory_permission": "0777",
            "file_permission": "0666",
            "filename": "/home/dopadm/petname.txt",
            "id": "2ee2f4f228fe6cb8c84263c6134ced77072eb7dc",
            "sensitive_content": null,
            "source": null
          },
          "sensitive_attributes": [
            [
              {
                "type": "get_attr",
                "value": "sensitive_content"
              }
            ]
          ],
          "dependencies": [
            "random_pet.my_pet"
          ]
        }
      ]
    },
    {
      "mode": "managed",
      "type": "random_pet",
      "name": "my_pet",
      "provider": "provider[\"registry.terraform.io/hashicorp/random\"]",
      "instances": [
        {
          "schema_version": 0,
          "attributes": {
            "id": "Mrs.top.koala",
            "keepers": null,
            "length": 2,
            "prefix": "Mrs",
            "separator": "."
          },
          "sensitive_attributes": []
        }
      ]
    }
  ],
  "check_results": null
}
