{
  "version": 4,
  "terraform_version": "1.10.5",
  "serial": 3,
  "lineage": "97e3fa78-369d-d865-e394-726c5f49a3b1",
  "outputs": {},
  "resources": [
    {
      "mode": "data",
      "type": "local_file",
      "name": "foo",
      "provider": "provider[\"registry.terraform.io/hashicorp/local\"]",
      "instances": [
        {
          "schema_version": 0,
          "attributes": {
            "content": "print('Hello, World!')",
            "content_base64": "cHJpbnQoJ0hlbGxvLCBXb3JsZCEnKQ==",
            "content_base64sha256": "KzMhX63zxUkm1cQQA0ivwVjb/0yUsVBE46f+gE+A7S0=",
            "content_base64sha512": "LQo31HeeaOUTIp0XbxkxEoOit/X73jGHnMsQ/UPlPKORQjNdRRfrzqF+81Aj2UuLmWWEOa4F/NcARk/ZHV2Xag==",
            "content_md5": "07da107bb575cc4e02b0e1d6d99cc204",
            "content_sha1": "22c713020b83b94720a6b685b4568e017130a66f",
            "content_sha256": "2b33215fadf3c54926d5c4100348afc158dbff4c94b15044e3a7fe804f80ed2d",
            "content_sha512": "2d0a37d4779e68e513229d176f19311283a2b7f5fbde31879ccb10fd43e53ca39142335d4517ebcea17ef35023d94b8b99658439ae05fcd700464fd91d5d976a",
            "filename": "hello.py",
            "id": "22c713020b83b94720a6b685b4568e017130a66f"
          },
          "sensitive_attributes": []
        }
      ]
    },
    {
      "mode": "managed",
      "type": "local_file",
      "name": "hello",
      "provider": "provider[\"registry.terraform.io/hashicorp/local\"]",
      "instances": [
        {
          "schema_version": 0,
          "attributes": {
            "content": "print('Hello, World!')",
            "content_base64": null,
            "content_base64sha256": "KzMhX63zxUkm1cQQA0ivwVjb/0yUsVBE46f+gE+A7S0=",
            "content_base64sha512": "LQo31HeeaOUTIp0XbxkxEoOit/X73jGHnMsQ/UPlPKORQjNdRRfrzqF+81Aj2UuLmWWEOa4F/NcARk/ZHV2Xag==",
            "content_md5": "07da107bb575cc4e02b0e1d6d99cc204",
            "content_sha1": "22c713020b83b94720a6b685b4568e017130a66f",
            "content_sha256": "2b33215fadf3c54926d5c4100348afc158dbff4c94b15044e3a7fe804f80ed2d",
            "content_sha512": "2d0a37d4779e68e513229d176f19311283a2b7f5fbde31879ccb10fd43e53ca39142335d4517ebcea17ef35023d94b8b99658439ae05fcd700464fd91d5d976a",
            "directory_permission": "0777",
            "file_permission": "0777",
            "filename": "hello.py",
            "id": "22c713020b83b94720a6b685b4568e017130a66f",
            "sensitive_content": null,
            "source": null
          },
          "sensitive_attributes": [
            [
              {
                "type": "get_attr",
                "value": "sensitive_content"
              }
            ]
          ]
        }
      ]
    }
  ],
  "check_results": null
}
